// !$*UTF8*$!
{
	archiveVersion = 1;
	classes = {
	};
	objectVersion = 55;
	objects = {

/* Begin PBXBuildFile section */
		9B69B73E28D068AF001F59A7 /* UserCell.swift in Sources */ = {isa = PBXBuildFile; fileRef = 9B69B73D28D068AF001F59A7 /* UserCell.swift */; };
		9B69B74A28D08970001F59A7 /* MapViewController.swift in Sources */ = {isa = PBXBuildFile; fileRef = 9B69B74828D08970001F59A7 /* MapViewController.swift */; };
		9B69B74B28D08970001F59A7 /* MapViewController.xib in Resources */ = {isa = PBXBuildFile; fileRef = 9B69B74928D08970001F59A7 /* MapViewController.xib */; };
		9B69B74F28D089A2001F59A7 /* eKYCViewController.swift in Sources */ = {isa = PBXBuildFile; fileRef = 9B69B74D28D089A2001F59A7 /* eKYCViewController.swift */; };
		9B69B75028D089A2001F59A7 /* eKYCViewController.xib in Resources */ = {isa = PBXBuildFile; fileRef = 9B69B74E28D089A2001F59A7 /* eKYCViewController.xib */; };
		9B69B75528D089C3001F59A7 /* ChatViewController.swift in Sources */ = {isa = PBXBuildFile; fileRef = 9B69B75328D089C3001F59A7 /* ChatViewController.swift */; };
		9B69B75628D089C3001F59A7 /* ChatViewController.xib in Resources */ = {isa = PBXBuildFile; fileRef = 9B69B75428D089C3001F59A7 /* ChatViewController.xib */; };
		9B69B75B28D089ED001F59A7 /* VRViewController.swift in Sources */ = {isa = PBXBuildFile; fileRef = 9B69B75928D089ED001F59A7 /* VRViewController.swift */; };
		9B69B75C28D089ED001F59A7 /* VRViewController.xib in Resources */ = {isa = PBXBuildFile; fileRef = 9B69B75A28D089ED001F59A7 /* VRViewController.xib */; };
		E91339EA28CF1A7500DEBC7A /* AppDelegate.swift in Sources */ = {isa = PBXBuildFile; fileRef = E91339E928CF1A7500DEBC7A /* AppDelegate.swift */; };
		E91339EC28CF1A7500DEBC7A /* SceneDelegate.swift in Sources */ = {isa = PBXBuildFile; fileRef = E91339EB28CF1A7500DEBC7A /* SceneDelegate.swift */; };
		E91339EE28CF1A7500DEBC7A /* ViewController.swift in Sources */ = {isa = PBXBuildFile; fileRef = E91339ED28CF1A7500DEBC7A /* ViewController.swift */; };
		E91339F128CF1A7500DEBC7A /* Main.storyboard in Resources */ = {isa = PBXBuildFile; fileRef = E91339EF28CF1A7500DEBC7A /* Main.storyboard */; };
		E91339F328CF1A7900DEBC7A /* Assets.xcassets in Resources */ = {isa = PBXBuildFile; fileRef = E91339F228CF1A7900DEBC7A /* Assets.xcassets */; };
		E91339F628CF1A7900DEBC7A /* LaunchScreen.storyboard in Resources */ = {isa = PBXBuildFile; fileRef = E91339F428CF1A7900DEBC7A /* LaunchScreen.storyboard */; };
		E91339FF28CF212400DEBC7A /* HomeViewController.swift in Sources */ = {isa = PBXBuildFile; fileRef = E91339FD28CF212400DEBC7A /* HomeViewController.swift */; };
		E9133A0028CF212400DEBC7A /* HomeViewController.xib in Resources */ = {isa = PBXBuildFile; fileRef = E91339FE28CF212400DEBC7A /* HomeViewController.xib */; };
		E9133A0328CF21DE00DEBC7A /* ProfileViewController.swift in Sources */ = {isa = PBXBuildFile; fileRef = E9133A0128CF21DE00DEBC7A /* ProfileViewController.swift */; };
		E9133A0428CF21DE00DEBC7A /* ProfileViewController.xib in Resources */ = {isa = PBXBuildFile; fileRef = E9133A0228CF21DE00DEBC7A /* ProfileViewController.xib */; };
		E9133A0B28CF227F00DEBC7A /* ChangePasswordViewController.swift in Sources */ = {isa = PBXBuildFile; fileRef = E9133A0928CF227F00DEBC7A /* ChangePasswordViewController.swift */; };
		E9133A0C28CF227F00DEBC7A /* ChangePasswordViewController.xib in Resources */ = {isa = PBXBuildFile; fileRef = E9133A0A28CF227F00DEBC7A /* ChangePasswordViewController.xib */; };
		E9133A1328CF2B5000DEBC7A /* DeleteAccoountViewController.swift in Sources */ = {isa = PBXBuildFile; fileRef = E9133A1128CF2B5000DEBC7A /* DeleteAccoountViewController.swift */; };
		E9133A1428CF2B5000DEBC7A /* DeleteAccoountViewController.xib in Resources */ = {isa = PBXBuildFile; fileRef = E9133A1228CF2B5000DEBC7A /* DeleteAccoountViewController.xib */; };
		E9133A1928D0C4EC00DEBC7A /* ARViewController.swift in Sources */ = {isa = PBXBuildFile; fileRef = E9133A1728D0C4EC00DEBC7A /* ARViewController.swift */; };
		E9133A1A28D0C4EC00DEBC7A /* ARViewController.xib in Resources */ = {isa = PBXBuildFile; fileRef = E9133A1828D0C4EC00DEBC7A /* ARViewController.xib */; };
		E9133A1F28D0C72000DEBC7A /* MusicViewController.swift in Sources */ = {isa = PBXBuildFile; fileRef = E9133A1D28D0C72000DEBC7A /* MusicViewController.swift */; };
		E9133A2028D0C72000DEBC7A /* MusicViewController.xib in Resources */ = {isa = PBXBuildFile; fileRef = E9133A1E28D0C72000DEBC7A /* MusicViewController.xib */; };
		E9133A2328D15BAC00DEBC7A /* MusicPresenter.swift in Sources */ = {isa = PBXBuildFile; fileRef = E9133A2228D15BAC00DEBC7A /* MusicPresenter.swift */; };
/* End PBXBuildFile section */

/* Begin PBXFileReference section */
		9B69B73D28D068AF001F59A7 /* UserCell.swift */ = {isa = PBXFileReference; lastKnownFileType = sourcecode.swift; path = UserCell.swift; sourceTree = "<group>"; };
		9B69B74828D08970001F59A7 /* MapViewController.swift */ = {isa = PBXFileReference; lastKnownFileType = sourcecode.swift; path = MapViewController.swift; sourceTree = "<group>"; };
		9B69B74928D08970001F59A7 /* MapViewController.xib */ = {isa = PBXFileReference; lastKnownFileType = file.xib; path = MapViewController.xib; sourceTree = "<group>"; };
		9B69B74D28D089A2001F59A7 /* eKYCViewController.swift */ = {isa = PBXFileReference; lastKnownFileType = sourcecode.swift; path = eKYCViewController.swift; sourceTree = "<group>"; };
		9B69B74E28D089A2001F59A7 /* eKYCViewController.xib */ = {isa = PBXFileReference; lastKnownFileType = file.xib; path = eKYCViewController.xib; sourceTree = "<group>"; };
		9B69B75328D089C3001F59A7 /* ChatViewController.swift */ = {isa = PBXFileReference; lastKnownFileType = sourcecode.swift; path = ChatViewController.swift; sourceTree = "<group>"; };
		9B69B75428D089C3001F59A7 /* ChatViewController.xib */ = {isa = PBXFileReference; lastKnownFileType = file.xib; path = ChatViewController.xib; sourceTree = "<group>"; };
		9B69B75928D089ED001F59A7 /* VRViewController.swift */ = {isa = PBXFileReference; lastKnownFileType = sourcecode.swift; path = VRViewController.swift; sourceTree = "<group>"; };
		9B69B75A28D089ED001F59A7 /* VRViewController.xib */ = {isa = PBXFileReference; lastKnownFileType = file.xib; path = VRViewController.xib; sourceTree = "<group>"; };
		E91339E628CF1A7500DEBC7A /* GIT-TEST-Flow.app */ = {isa = PBXFileReference; explicitFileType = wrapper.application; includeInIndex = 0; path = "GIT-TEST-Flow.app"; sourceTree = BUILT_PRODUCTS_DIR; };
		E91339E928CF1A7500DEBC7A /* AppDelegate.swift */ = {isa = PBXFileReference; lastKnownFileType = sourcecode.swift; path = AppDelegate.swift; sourceTree = "<group>"; };
		E91339EB28CF1A7500DEBC7A /* SceneDelegate.swift */ = {isa = PBXFileReference; lastKnownFileType = sourcecode.swift; path = SceneDelegate.swift; sourceTree = "<group>"; };
		E91339ED28CF1A7500DEBC7A /* ViewController.swift */ = {isa = PBXFileReference; lastKnownFileType = sourcecode.swift; path = ViewController.swift; sourceTree = "<group>"; };
		E91339F028CF1A7500DEBC7A /* Base */ = {isa = PBXFileReference; lastKnownFileType = file.storyboard; name = Base; path = Base.lproj/Main.storyboard; sourceTree = "<group>"; };
		E91339F228CF1A7900DEBC7A /* Assets.xcassets */ = {isa = PBXFileReference; lastKnownFileType = folder.assetcatalog; path = Assets.xcassets; sourceTree = "<group>"; };
		E91339F528CF1A7900DEBC7A /* Base */ = {isa = PBXFileReference; lastKnownFileType = file.storyboard; name = Base; path = Base.lproj/LaunchScreen.storyboard; sourceTree = "<group>"; };
		E91339F728CF1A7900DEBC7A /* Info.plist */ = {isa = PBXFileReference; lastKnownFileType = text.plist.xml; path = Info.plist; sourceTree = "<group>"; };
		E91339FD28CF212400DEBC7A /* HomeViewController.swift */ = {isa = PBXFileReference; lastKnownFileType = sourcecode.swift; path = HomeViewController.swift; sourceTree = "<group>"; };
		E91339FE28CF212400DEBC7A /* HomeViewController.xib */ = {isa = PBXFileReference; lastKnownFileType = file.xib; path = HomeViewController.xib; sourceTree = "<group>"; };
		E9133A0128CF21DE00DEBC7A /* ProfileViewController.swift */ = {isa = PBXFileReference; lastKnownFileType = sourcecode.swift; path = ProfileViewController.swift; sourceTree = "<group>"; };
		E9133A0228CF21DE00DEBC7A /* ProfileViewController.xib */ = {isa = PBXFileReference; lastKnownFileType = file.xib; path = ProfileViewController.xib; sourceTree = "<group>"; };
		E9133A0928CF227F00DEBC7A /* ChangePasswordViewController.swift */ = {isa = PBXFileReference; lastKnownFileType = sourcecode.swift; path = ChangePasswordViewController.swift; sourceTree = "<group>"; };
		E9133A0A28CF227F00DEBC7A /* ChangePasswordViewController.xib */ = {isa = PBXFileReference; lastKnownFileType = file.xib; path = ChangePasswordViewController.xib; sourceTree = "<group>"; };
		E9133A1128CF2B5000DEBC7A /* DeleteAccoountViewController.swift */ = {isa = PBXFileReference; lastKnownFileType = sourcecode.swift; path = DeleteAccoountViewController.swift; sourceTree = "<group>"; };
		E9133A1228CF2B5000DEBC7A /* DeleteAccoountViewController.xib */ = {isa = PBXFileReference; lastKnownFileType = file.xib; path = DeleteAccoountViewController.xib; sourceTree = "<group>"; };
		E9133A1728D0C4EC00DEBC7A /* ARViewController.swift */ = {isa = PBXFileReference; lastKnownFileType = sourcecode.swift; path = ARViewController.swift; sourceTree = "<group>"; };
		E9133A1828D0C4EC00DEBC7A /* ARViewController.xib */ = {isa = PBXFileReference; lastKnownFileType = file.xib; path = ARViewController.xib; sourceTree = "<group>"; };
		E9133A1D28D0C72000DEBC7A /* MusicViewController.swift */ = {isa = PBXFileReference; lastKnownFileType = sourcecode.swift; path = MusicViewController.swift; sourceTree = "<group>"; };
		E9133A1E28D0C72000DEBC7A /* MusicViewController.xib */ = {isa = PBXFileReference; lastKnownFileType = file.xib; path = MusicViewController.xib; sourceTree = "<group>"; };
		E9133A2228D15BAC00DEBC7A /* MusicPresenter.swift */ = {isa = PBXFileReference; lastKnownFileType = sourcecode.swift; path = MusicPresenter.swift; sourceTree = "<group>"; };
/* End PBXFileReference section */

/* Begin PBXFrameworksBuildPhase section */
		E91339E328CF1A7500DEBC7A /* Frameworks */ = {
			isa = PBXFrameworksBuildPhase;
			buildActionMask = 2147483647;
			files = (
			);
			runOnlyForDeploymentPostprocessing = 0;
		};
/* End PBXFrameworksBuildPhase section */

/* Begin PBXGroup section */
		9B5E0D1928CF3421002F5A14 /* Initialization */ = {
			isa = PBXGroup;
			children = (
				E91339E928CF1A7500DEBC7A /* AppDelegate.swift */,
				E91339EB28CF1A7500DEBC7A /* SceneDelegate.swift */,
				E91339F228CF1A7900DEBC7A /* Assets.xcassets */,
				E91339F428CF1A7900DEBC7A /* LaunchScreen.storyboard */,
			);
			path = Initialization;
			sourceTree = "<group>";
		};
		9B5E0D1B28CF37FC002F5A14 /* Home */ = {
			isa = PBXGroup;
			children = (
				9B5E0D1C28CF3805002F5A14 /* View */,
			);
			path = Home;
			sourceTree = "<group>";
		};
		9B5E0D1C28CF3805002F5A14 /* View */ = {
			isa = PBXGroup;
			children = (
				E91339FD28CF212400DEBC7A /* HomeViewController.swift */,
				E91339FE28CF212400DEBC7A /* HomeViewController.xib */,
			);
			path = View;
			sourceTree = "<group>";
		};
		9B5E0D1D28CF3821002F5A14 /* User */ = {
			isa = PBXGroup;
			children = (
				9B5E0D2228CF3931002F5A14 /* DeleteAccount */,
				9B5E0D2028CF3900002F5A14 /* ChangePassword */,
				9B5E0D1E28CF383B002F5A14 /* Profile */,
			);
			path = User;
			sourceTree = "<group>";
		};
		9B5E0D1E28CF383B002F5A14 /* Profile */ = {
			isa = PBXGroup;
			children = (
				9B5E0D1F28CF384A002F5A14 /* View */,
			);
			path = Profile;
			sourceTree = "<group>";
		};
		9B5E0D1F28CF384A002F5A14 /* View */ = {
			isa = PBXGroup;
			children = (
				E9133A0128CF21DE00DEBC7A /* ProfileViewController.swift */,
				E9133A0228CF21DE00DEBC7A /* ProfileViewController.xib */,
			);
			path = View;
			sourceTree = "<group>";
		};
		9B5E0D2028CF3900002F5A14 /* ChangePassword */ = {
			isa = PBXGroup;
			children = (
				9B5E0D2128CF391C002F5A14 /* View */,
			);
			path = ChangePassword;
			sourceTree = "<group>";
		};
		9B5E0D2128CF391C002F5A14 /* View */ = {
			isa = PBXGroup;
			children = (
				E9133A0928CF227F00DEBC7A /* ChangePasswordViewController.swift */,
				E9133A0A28CF227F00DEBC7A /* ChangePasswordViewController.xib */,
			);
			path = View;
			sourceTree = "<group>";
		};
		9B5E0D2228CF3931002F5A14 /* DeleteAccount */ = {
			isa = PBXGroup;
			children = (
				9B5E0D2328CF3947002F5A14 /* View */,
			);
			path = DeleteAccount;
			sourceTree = "<group>";
		};
		9B5E0D2328CF3947002F5A14 /* View */ = {
			isa = PBXGroup;
			children = (
				E9133A1128CF2B5000DEBC7A /* DeleteAccoountViewController.swift */,
				E9133A1228CF2B5000DEBC7A /* DeleteAccoountViewController.xib */,
			);
			path = View;
			sourceTree = "<group>";
		};
		9B69B73C28D0688A001F59A7 /* Common */ = {
			isa = PBXGroup;
			children = (
				9B69B73D28D068AF001F59A7 /* UserCell.swift */,
			);
			path = Common;
			sourceTree = "<group>";
		};
		9B69B74428D088F7001F59A7 /* Map */ = {
			isa = PBXGroup;
			children = (
				9B69B74728D08943001F59A7 /* View */,
			);
			path = Map;
			sourceTree = "<group>";
		};
		9B69B74528D0890A001F59A7 /* eKYC */ = {
			isa = PBXGroup;
			children = (
				9B69B74C28D08979001F59A7 /* View */,
			);
			path = eKYC;
			sourceTree = "<group>";
		};
		9B69B74628D08916001F59A7 /* Chat */ = {
			isa = PBXGroup;
			children = (
				9B69B75128D089AA001F59A7 /* View */,
			);
			path = Chat;
			sourceTree = "<group>";
		};
		9B69B74728D08943001F59A7 /* View */ = {
			isa = PBXGroup;
			children = (
				9B69B74828D08970001F59A7 /* MapViewController.swift */,
				9B69B74928D08970001F59A7 /* MapViewController.xib */,
			);
			path = View;
			sourceTree = "<group>";
		};
		9B69B74C28D08979001F59A7 /* View */ = {
			isa = PBXGroup;
			children = (
				9B69B74D28D089A2001F59A7 /* eKYCViewController.swift */,
				9B69B74E28D089A2001F59A7 /* eKYCViewController.xib */,
			);
			path = View;
			sourceTree = "<group>";
		};
		9B69B75128D089AA001F59A7 /* View */ = {
			isa = PBXGroup;
			children = (
				9B69B75328D089C3001F59A7 /* ChatViewController.swift */,
				9B69B75428D089C3001F59A7 /* ChatViewController.xib */,
			);
			path = View;
			sourceTree = "<group>";
		};
		9B69B75728D089CF001F59A7 /* VR */ = {
			isa = PBXGroup;
			children = (
				9B69B75828D089DE001F59A7 /* View */,
			);
			path = VR;
			sourceTree = "<group>";
		};
		9B69B75828D089DE001F59A7 /* View */ = {
			isa = PBXGroup;
			children = (
				9B69B75928D089ED001F59A7 /* VRViewController.swift */,
				9B69B75A28D089ED001F59A7 /* VRViewController.xib */,
			);
			path = View;
			sourceTree = "<group>";
		};
		E91339DD28CF1A7500DEBC7A = {
			isa = PBXGroup;
			children = (
				E91339E828CF1A7500DEBC7A /* GIT-TEST-Flow */,
				E91339E728CF1A7500DEBC7A /* Products */,
			);
			sourceTree = "<group>";
		};
		E91339E728CF1A7500DEBC7A /* Products */ = {
			isa = PBXGroup;
			children = (
				E91339E628CF1A7500DEBC7A /* GIT-TEST-Flow.app */,
			);
			name = Products;
			sourceTree = "<group>";
		};
		E91339E828CF1A7500DEBC7A /* GIT-TEST-Flow */ = {
			isa = PBXGroup;
			children = (
				9B69B73C28D0688A001F59A7 /* Common */,
				9B5E0D1928CF3421002F5A14 /* Initialization */,
				E9133A0D28CF28C800DEBC7A /* Module */,
				E91339F728CF1A7900DEBC7A /* Info.plist */,
			);
			path = "GIT-TEST-Flow";
			sourceTree = "<group>";
		};
		E9133A0D28CF28C800DEBC7A /* Module */ = {
			isa = PBXGroup;
			children = (
				E9133A1B28D0C70800DEBC7A /* Music */,
				E9133A1528D0C4D000DEBC7A /* AR */,
				9B69B75728D089CF001F59A7 /* VR */,
				9B69B74628D08916001F59A7 /* Chat */,
				9B69B74528D0890A001F59A7 /* eKYC */,
				9B69B74428D088F7001F59A7 /* Map */,
				9B5E0D1D28CF3821002F5A14 /* User */,
				9B5E0D1B28CF37FC002F5A14 /* Home */,
				E9133A0E28CF28E100DEBC7A /* LogIn */,
			);
			path = Module;
			sourceTree = "<group>";
		};
		E9133A0E28CF28E100DEBC7A /* LogIn */ = {
			isa = PBXGroup;
			children = (
				E9133A0F28CF28F400DEBC7A /* View */,
			);
			path = LogIn;
			sourceTree = "<group>";
		};
		E9133A0F28CF28F400DEBC7A /* View */ = {
			isa = PBXGroup;
			children = (
				E91339EF28CF1A7500DEBC7A /* Main.storyboard */,
				E91339ED28CF1A7500DEBC7A /* ViewController.swift */,
			);
			path = View;
			sourceTree = "<group>";
		};
		E9133A1528D0C4D000DEBC7A /* AR */ = {
			isa = PBXGroup;
			children = (
				E9133A1628D0C4D900DEBC7A /* View */,
			);
			path = AR;
			sourceTree = "<group>";
		};
		E9133A1628D0C4D900DEBC7A /* View */ = {
			isa = PBXGroup;
			children = (
				E9133A1728D0C4EC00DEBC7A /* ARViewController.swift */,
				E9133A1828D0C4EC00DEBC7A /* ARViewController.xib */,
			);
			path = View;
			sourceTree = "<group>";
		};
		E9133A1B28D0C70800DEBC7A /* Music */ = {
			isa = PBXGroup;
			children = (
				E9133A2128D15B9900DEBC7A /* Presenter */,
				E9133A1C28D0C70F00DEBC7A /* View */,
			);
			path = Music;
			sourceTree = "<group>";
		};
		E9133A1C28D0C70F00DEBC7A /* View */ = {
			isa = PBXGroup;
			children = (
				E9133A1D28D0C72000DEBC7A /* MusicViewController.swift */,
				E9133A1E28D0C72000DEBC7A /* MusicViewController.xib */,
			);
			path = View;
			sourceTree = "<group>";
		};
		E9133A2128D15B9900DEBC7A /* Presenter */ = {
			isa = PBXGroup;
			children = (
				E9133A2228D15BAC00DEBC7A /* MusicPresenter.swift */,
			);
			path = Presenter;
			sourceTree = "<group>";
		};
/* End PBXGroup section */

/* Begin PBXNativeTarget section */
		E91339E528CF1A7500DEBC7A /* GIT-TEST-Flow */ = {
			isa = PBXNativeTarget;
			buildConfigurationList = E91339FA28CF1A7900DEBC7A /* Build configuration list for PBXNativeTarget "GIT-TEST-Flow" */;
			buildPhases = (
				E91339E228CF1A7500DEBC7A /* Sources */,
				E91339E328CF1A7500DEBC7A /* Frameworks */,
				E91339E428CF1A7500DEBC7A /* Resources */,
			);
			buildRules = (
			);
			dependencies = (
			);
			name = "GIT-TEST-Flow";
			productName = "GIT-TEST-Flow";
			productReference = E91339E628CF1A7500DEBC7A /* GIT-TEST-Flow.app */;
			productType = "com.apple.product-type.application";
		};
/* End PBXNativeTarget section */

/* Begin PBXProject section */
		E91339DE28CF1A7500DEBC7A /* Project object */ = {
			isa = PBXProject;
			attributes = {
				BuildIndependentTargetsInParallel = 1;
				LastSwiftUpdateCheck = 1340;
				LastUpgradeCheck = 1340;
				TargetAttributes = {
					E91339E528CF1A7500DEBC7A = {
						CreatedOnToolsVersion = 13.4.1;
					};
				};
			};
			buildConfigurationList = E91339E128CF1A7500DEBC7A /* Build configuration list for PBXProject "GIT-TEST-Flow" */;
			compatibilityVersion = "Xcode 13.0";
			developmentRegion = en;
			hasScannedForEncodings = 0;
			knownRegions = (
				en,
				Base,
			);
			mainGroup = E91339DD28CF1A7500DEBC7A;
			productRefGroup = E91339E728CF1A7500DEBC7A /* Products */;
			projectDirPath = "";
			projectRoot = "";
			targets = (
				E91339E528CF1A7500DEBC7A /* GIT-TEST-Flow */,
			);
		};
/* End PBXProject section */

/* Begin PBXResourcesBuildPhase section */
		E91339E428CF1A7500DEBC7A /* Resources */ = {
			isa = PBXResourcesBuildPhase;
			buildActionMask = 2147483647;
			files = (
				E91339F628CF1A7900DEBC7A /* LaunchScreen.storyboard in Resources */,
				9B69B75028D089A2001F59A7 /* eKYCViewController.xib in Resources */,
				E91339F328CF1A7900DEBC7A /* Assets.xcassets in Resources */,
				E91339F128CF1A7500DEBC7A /* Main.storyboard in Resources */,
				E9133A2028D0C72000DEBC7A /* MusicViewController.xib in Resources */,
				9B69B74B28D08970001F59A7 /* MapViewController.xib in Resources */,
				E9133A0428CF21DE00DEBC7A /* ProfileViewController.xib in Resources */,
				E9133A1428CF2B5000DEBC7A /* DeleteAccoountViewController.xib in Resources */,
				E9133A1A28D0C4EC00DEBC7A /* ARViewController.xib in Resources */,
				E9133A0C28CF227F00DEBC7A /* ChangePasswordViewController.xib in Resources */,
				9B69B75628D089C3001F59A7 /* ChatViewController.xib in Resources */,
				9B69B75C28D089ED001F59A7 /* VRViewController.xib in Resources */,
				E9133A0028CF212400DEBC7A /* HomeViewController.xib in Resources */,
			);
			runOnlyForDeploymentPostprocessing = 0;
		};
/* End PBXResourcesBuildPhase section */

/* Begin PBXSourcesBuildPhase section */
		E91339E228CF1A7500DEBC7A /* Sources */ = {
			isa = PBXSourcesBuildPhase;
			buildActionMask = 2147483647;
			files = (
				9B69B73E28D068AF001F59A7 /* UserCell.swift in Sources */,
				E91339EE28CF1A7500DEBC7A /* ViewController.swift in Sources */,
				E9133A2328D15BAC00DEBC7A /* MusicPresenter.swift in Sources */,
				9B69B75528D089C3001F59A7 /* ChatViewController.swift in Sources */,
				E91339EA28CF1A7500DEBC7A /* AppDelegate.swift in Sources */,
				E9133A0328CF21DE00DEBC7A /* ProfileViewController.swift in Sources */,
				9B69B74A28D08970001F59A7 /* MapViewController.swift in Sources */,
				E9133A0B28CF227F00DEBC7A /* ChangePasswordViewController.swift in Sources */,
				9B69B74F28D089A2001F59A7 /* eKYCViewController.swift in Sources */,
				E9133A1F28D0C72000DEBC7A /* MusicViewController.swift in Sources */,
				9B69B75B28D089ED001F59A7 /* VRViewController.swift in Sources */,
				E9133A1928D0C4EC00DEBC7A /* ARViewController.swift in Sources */,
				E9133A1328CF2B5000DEBC7A /* DeleteAccoountViewController.swift in Sources */,
				E91339EC28CF1A7500DEBC7A /* SceneDelegate.swift in Sources */,
				E91339FF28CF212400DEBC7A /* HomeViewController.swift in Sources */,
			);
			runOnlyForDeploymentPostprocessing = 0;
		};
/* End PBXSourcesBuildPhase section */

/* Begin PBXVariantGroup section */
		E91339EF28CF1A7500DEBC7A /* Main.storyboard */ = {
			isa = PBXVariantGroup;
			children = (
				E91339F028CF1A7500DEBC7A /* Base */,
			);
			name = Main.storyboard;
			sourceTree = "<group>";
		};
		E91339F428CF1A7900DEBC7A /* LaunchScreen.storyboard */ = {
			isa = PBXVariantGroup;
			children = (
				E91339F528CF1A7900DEBC7A /* Base */,
			);
			name = LaunchScreen.storyboard;
			sourceTree = "<group>";
		};
/* End PBXVariantGroup section */

/* Begin XCBuildConfiguration section */
		E91339F828CF1A7900DEBC7A /* Debug */ = {
			isa = XCBuildConfiguration;
			buildSettings = {
				ALWAYS_SEARCH_USER_PATHS = NO;
				CLANG_ANALYZER_NONNULL = YES;
				CLANG_ANALYZER_NUMBER_OBJECT_CONVERSION = YES_AGGRESSIVE;
				CLANG_CXX_LANGUAGE_STANDARD = "gnu++17";
				CLANG_ENABLE_MODULES = YES;
				CLANG_ENABLE_OBJC_ARC = YES;
				CLANG_ENABLE_OBJC_WEAK = YES;
				CLANG_WARN_BLOCK_CAPTURE_AUTORELEASING = YES;
				CLANG_WARN_BOOL_CONVERSION = YES;
				CLANG_WARN_COMMA = YES;
				CLANG_WARN_CONSTANT_CONVERSION = YES;
				CLANG_WARN_DEPRECATED_OBJC_IMPLEMENTATIONS = YES;
				CLANG_WARN_DIRECT_OBJC_ISA_USAGE = YES_ERROR;
				CLANG_WARN_DOCUMENTATION_COMMENTS = YES;
				CLANG_WARN_EMPTY_BODY = YES;
				CLANG_WARN_ENUM_CONVERSION = YES;
				CLANG_WARN_INFINITE_RECURSION = YES;
				CLANG_WARN_INT_CONVERSION = YES;
				CLANG_WARN_NON_LITERAL_NULL_CONVERSION = YES;
				CLANG_WARN_OBJC_IMPLICIT_RETAIN_SELF = YES;
				CLANG_WARN_OBJC_LITERAL_CONVERSION = YES;
				CLANG_WARN_OBJC_ROOT_CLASS = YES_ERROR;
				CLANG_WARN_QUOTED_INCLUDE_IN_FRAMEWORK_HEADER = YES;
				CLANG_WARN_RANGE_LOOP_ANALYSIS = YES;
				CLANG_WARN_STRICT_PROTOTYPES = YES;
				CLANG_WARN_SUSPICIOUS_MOVE = YES;
				CLANG_WARN_UNGUARDED_AVAILABILITY = YES_AGGRESSIVE;
				CLANG_WARN_UNREACHABLE_CODE = YES;
				CLANG_WARN__DUPLICATE_METHOD_MATCH = YES;
				COPY_PHASE_STRIP = NO;
				DEBUG_INFORMATION_FORMAT = dwarf;
				ENABLE_STRICT_OBJC_MSGSEND = YES;
				ENABLE_TESTABILITY = YES;
				GCC_C_LANGUAGE_STANDARD = gnu11;
				GCC_DYNAMIC_NO_PIC = NO;
				GCC_NO_COMMON_BLOCKS = YES;
				GCC_OPTIMIZATION_LEVEL = 0;
				GCC_PREPROCESSOR_DEFINITIONS = (
					"DEBUG=1",
					"$(inherited)",
				);
				GCC_WARN_64_TO_32_BIT_CONVERSION = YES;
				GCC_WARN_ABOUT_RETURN_TYPE = YES_ERROR;
				GCC_WARN_UNDECLARED_SELECTOR = YES;
				GCC_WARN_UNINITIALIZED_AUTOS = YES_AGGRESSIVE;
				GCC_WARN_UNUSED_FUNCTION = YES;
				GCC_WARN_UNUSED_VARIABLE = YES;
				IPHONEOS_DEPLOYMENT_TARGET = 15.5;
				MTL_ENABLE_DEBUG_INFO = INCLUDE_SOURCE;
				MTL_FAST_MATH = YES;
				ONLY_ACTIVE_ARCH = YES;
				SDKROOT = iphoneos;
				SWIFT_ACTIVE_COMPILATION_CONDITIONS = DEBUG;
				SWIFT_OPTIMIZATION_LEVEL = "-Onone";
			};
			name = Debug;
		};
		E91339F928CF1A7900DEBC7A /* Release */ = {
			isa = XCBuildConfiguration;
			buildSettings = {
				ALWAYS_SEARCH_USER_PATHS = NO;
				CLANG_ANALYZER_NONNULL = YES;
				CLANG_ANALYZER_NUMBER_OBJECT_CONVERSION = YES_AGGRESSIVE;
				CLANG_CXX_LANGUAGE_STANDARD = "gnu++17";
				CLANG_ENABLE_MODULES = YES;
				CLANG_ENABLE_OBJC_ARC = YES;
				CLANG_ENABLE_OBJC_WEAK = YES;
				CLANG_WARN_BLOCK_CAPTURE_AUTORELEASING = YES;
				CLANG_WARN_BOOL_CONVERSION = YES;
				CLANG_WARN_COMMA = YES;
				CLANG_WARN_CONSTANT_CONVERSION = YES;
				CLANG_WARN_DEPRECATED_OBJC_IMPLEMENTATIONS = YES;
				CLANG_WARN_DIRECT_OBJC_ISA_USAGE = YES_ERROR;
				CLANG_WARN_DOCUMENTATION_COMMENTS = YES;
				CLANG_WARN_EMPTY_BODY = YES;
				CLANG_WARN_ENUM_CONVERSION = YES;
				CLANG_WARN_INFINITE_RECURSION = YES;
				CLANG_WARN_INT_CONVERSION = YES;
				CLANG_WARN_NON_LITERAL_NULL_CONVERSION = YES;
				CLANG_WARN_OBJC_IMPLICIT_RETAIN_SELF = YES;
				CLANG_WARN_OBJC_LITERAL_CONVERSION = YES;
				CLANG_WARN_OBJC_ROOT_CLASS = YES_ERROR;
				CLANG_WARN_QUOTED_INCLUDE_IN_FRAMEWORK_HEADER = YES;
				CLANG_WARN_RANGE_LOOP_ANALYSIS = YES;
				CLANG_WARN_STRICT_PROTOTYPES = YES;
				CLANG_WARN_SUSPICIOUS_MOVE = YES;
				CLANG_WARN_UNGUARDED_AVAILABILITY = YES_AGGRESSIVE;
				CLANG_WARN_UNREACHABLE_CODE = YES;
				CLANG_WARN__DUPLICATE_METHOD_MATCH = YES;
				COPY_PHASE_STRIP = NO;
				DEBUG_INFORMATION_FORMAT = "dwarf-with-dsym";
				ENABLE_NS_ASSERTIONS = NO;
				ENABLE_STRICT_OBJC_MSGSEND = YES;
				GCC_C_LANGUAGE_STANDARD = gnu11;
				GCC_NO_COMMON_BLOCKS = YES;
				GCC_WARN_64_TO_32_BIT_CONVERSION = YES;
				GCC_WARN_ABOUT_RETURN_TYPE = YES_ERROR;
				GCC_WARN_UNDECLARED_SELECTOR = YES;
				GCC_WARN_UNINITIALIZED_AUTOS = YES_AGGRESSIVE;
				GCC_WARN_UNUSED_FUNCTION = YES;
				GCC_WARN_UNUSED_VARIABLE = YES;
				IPHONEOS_DEPLOYMENT_TARGET = 15.5;
				MTL_ENABLE_DEBUG_INFO = NO;
				MTL_FAST_MATH = YES;
				SDKROOT = iphoneos;
				SWIFT_COMPILATION_MODE = wholemodule;
				SWIFT_OPTIMIZATION_LEVEL = "-O";
				VALIDATE_PRODUCT = YES;
			};
			name = Release;
		};
		E91339FB28CF1A7900DEBC7A /* Debug */ = {
			isa = XCBuildConfiguration;
			buildSettings = {
				ASSETCATALOG_COMPILER_APPICON_NAME = AppIcon;
				ASSETCATALOG_COMPILER_GLOBAL_ACCENT_COLOR_NAME = AccentColor;
				CODE_SIGN_STYLE = Automatic;
				CURRENT_PROJECT_VERSION = 1;
				DEVELOPMENT_TEAM = 6JJ3HPPD4J;
				GENERATE_INFOPLIST_FILE = YES;
				INFOPLIST_FILE = "GIT-TEST-Flow/Info.plist";
				INFOPLIST_KEY_UIApplicationSupportsIndirectInputEvents = YES;
				INFOPLIST_KEY_UILaunchStoryboardName = LaunchScreen;
				INFOPLIST_KEY_UIMainStoryboardFile = Main;
				INFOPLIST_KEY_UISupportedInterfaceOrientations_iPad = "UIInterfaceOrientationPortrait UIInterfaceOrientationPortraitUpsideDown UIInterfaceOrientationLandscapeLeft UIInterfaceOrientationLandscapeRight";
				INFOPLIST_KEY_UISupportedInterfaceOrientations_iPhone = "UIInterfaceOrientationPortrait UIInterfaceOrientationLandscapeLeft UIInterfaceOrientationLandscapeRight";
				LD_RUNPATH_SEARCH_PATHS = (
					"$(inherited)",
					"@executable_path/Frameworks",
				);
				MARKETING_VERSION = 1.0;
				PRODUCT_BUNDLE_IDENTIFIER = "tamnm1996.GIT-TEST-Flow";
				PRODUCT_NAME = "$(TARGET_NAME)";
				SWIFT_EMIT_LOC_STRINGS = YES;
				SWIFT_VERSION = 5.0;
				TARGETED_DEVICE_FAMILY = "1,2";
			};
			name = Debug;
		};
		E91339FC28CF1A7900DEBC7A /* Release */ = {
			isa = XCBuildConfiguration;
			buildSettings = {
				ASSETCATALOG_COMPILER_APPICON_NAME = AppIcon;
				ASSETCATALOG_COMPILER_GLOBAL_ACCENT_COLOR_NAME = AccentColor;
				CODE_SIGN_STYLE = Automatic;
				CURRENT_PROJECT_VERSION = 1;
				DEVELOPMENT_TEAM = 6JJ3HPPD4J;
				GENERATE_INFOPLIST_FILE = YES;
				INFOPLIST_FILE = "GIT-TEST-Flow/Info.plist";
				INFOPLIST_KEY_UIApplicationSupportsIndirectInputEvents = YES;
				INFOPLIST_KEY_UILaunchStoryboardName = LaunchScreen;
				INFOPLIST_KEY_UIMainStoryboardFile = Main;
				INFOPLIST_KEY_UISupportedInterfaceOrientations_iPad = "UIInterfaceOrientationPortrait UIInterfaceOrientationPortraitUpsideDown UIInterfaceOrientationLandscapeLeft UIInterfaceOrientationLandscapeRight";
				INFOPLIST_KEY_UISupportedInterfaceOrientations_iPhone = "UIInterfaceOrientationPortrait UIInterfaceOrientationLandscapeLeft UIInterfaceOrientationLandscapeRight";
				LD_RUNPATH_SEARCH_PATHS = (
					"$(inherited)",
					"@executable_path/Frameworks",
				);
				MARKETING_VERSION = 1.0;
				PRODUCT_BUNDLE_IDENTIFIER = "tamnm1996.GIT-TEST-Flow";
				PRODUCT_NAME = "$(TARGET_NAME)";
				SWIFT_EMIT_LOC_STRINGS = YES;
				SWIFT_VERSION = 5.0;
				TARGETED_DEVICE_FAMILY = "1,2";
			};
			name = Release;
		};
/* End XCBuildConfiguration section */

/* Begin XCConfigurationList section */
		E91339E128CF1A7500DEBC7A /* Build configuration list for PBXProject "GIT-TEST-Flow" */ = {
			isa = XCConfigurationList;
			buildConfigurations = (
				E91339F828CF1A7900DEBC7A /* Debug */,
				E91339F928CF1A7900DEBC7A /* Release */,
			);
			defaultConfigurationIsVisible = 0;
			defaultConfigurationName = Release;
		};
		E91339FA28CF1A7900DEBC7A /* Build configuration list for PBXNativeTarget "GIT-TEST-Flow" */ = {
			isa = XCConfigurationList;
			buildConfigurations = (
				E91339FB28CF1A7900DEBC7A /* Debug */,
				E91339FC28CF1A7900DEBC7A /* Release */,
			);
			defaultConfigurationIsVisible = 0;
			defaultConfigurationName = Release;
		};
/* End XCConfigurationList section */
	};
	rootObject = E91339DE28CF1A7500DEBC7A /* Project object */;
}
